// !$*UTF8*$!
{
	archiveVersion = 1;
	classes = {
	};
	objectVersion = 50;
	objects = {

/* Begin PBXBuildFile section */
		F5A9E0932120D0B100213649 /* PrimeiraTabViewController.swift in Sources */ = {isa = PBXBuildFile; fileRef = F5A9E0922120D0B100213649 /* PrimeiraTabViewController.swift */; };
		F5A9E0952120D0BB00213649 /* SegundaTabViewController.swift in Sources */ = {isa = PBXBuildFile; fileRef = F5A9E0942120D0BB00213649 /* SegundaTabViewController.swift */; };
		F5B55605211FF17F0087C0F4 /* TelaLaranjaViewController.swift in Sources */ = {isa = PBXBuildFile; fileRef = F5B55604211FF17F0087C0F4 /* TelaLaranjaViewController.swift */; };
		F5D3AD672113BB9A00CE3664 /* AppDelegate.swift in Sources */ = {isa = PBXBuildFile; fileRef = F5D3AD662113BB9A00CE3664 /* AppDelegate.swift */; };
		F5D3AD692113BB9A00CE3664 /* ViewController.swift in Sources */ = {isa = PBXBuildFile; fileRef = F5D3AD682113BB9A00CE3664 /* ViewController.swift */; };
		F5D3AD6C2113BB9A00CE3664 /* Main.storyboard in Resources */ = {isa = PBXBuildFile; fileRef = F5D3AD6A2113BB9A00CE3664 /* Main.storyboard */; };
		F5D3AD6E2113BB9B00CE3664 /* Assets.xcassets in Resources */ = {isa = PBXBuildFile; fileRef = F5D3AD6D2113BB9B00CE3664 /* Assets.xcassets */; };
		F5D3AD712113BB9B00CE3664 /* LaunchScreen.storyboard in Resources */ = {isa = PBXBuildFile; fileRef = F5D3AD6F2113BB9B00CE3664 /* LaunchScreen.storyboard */; };
		F5D3AD792113D99A00CE3664 /* TelaInicialViewController.swift in Sources */ = {isa = PBXBuildFile; fileRef = F5D3AD782113D99A00CE3664 /* TelaInicialViewController.swift */; };
		F5FCA316211CFB78002AF58B /* TelaVerdeViewController.swift in Sources */ = {isa = PBXBuildFile; fileRef = F5FCA315211CFB78002AF58B /* TelaVerdeViewController.swift */; };
/* End PBXBuildFile section */

/* Begin PBXFileReference section */
		F5A9E0922120D0B100213649 /* PrimeiraTabViewController.swift */ = {isa = PBXFileReference; lastKnownFileType = sourcecode.swift; path = PrimeiraTabViewController.swift; sourceTree = "<group>"; };
		F5A9E0942120D0BB00213649 /* SegundaTabViewController.swift */ = {isa = PBXFileReference; lastKnownFileType = sourcecode.swift; path = SegundaTabViewController.swift; sourceTree = "<group>"; };
		F5B55604211FF17F0087C0F4 /* TelaLaranjaViewController.swift */ = {isa = PBXFileReference; lastKnownFileType = sourcecode.swift; path = TelaLaranjaViewController.swift; sourceTree = "<group>"; };
		F5D3AD632113BB9A00CE3664 /* Aula 06.app */ = {isa = PBXFileReference; explicitFileType = wrapper.application; includeInIndex = 0; path = "Aula 06.app"; sourceTree = BUILT_PRODUCTS_DIR; };
		F5D3AD662113BB9A00CE3664 /* AppDelegate.swift */ = {isa = PBXFileReference; lastKnownFileType = sourcecode.swift; path = AppDelegate.swift; sourceTree = "<group>"; };
		F5D3AD682113BB9A00CE3664 /* ViewController.swift */ = {isa = PBXFileReference; lastKnownFileType = sourcecode.swift; path = ViewController.swift; sourceTree = "<group>"; };
		F5D3AD6B2113BB9A00CE3664 /* Base */ = {isa = PBXFileReference; lastKnownFileType = file.storyboard; name = Base; path = Base.lproj/Main.storyboard; sourceTree = "<group>"; };
		F5D3AD6D2113BB9B00CE3664 /* Assets.xcassets */ = {isa = PBXFileReference; lastKnownFileType = folder.assetcatalog; path = Assets.xcassets; sourceTree = "<group>"; };
		F5D3AD702113BB9B00CE3664 /* Base */ = {isa = PBXFileReference; lastKnownFileType = file.storyboard; name = Base; path = Base.lproj/LaunchScreen.storyboard; sourceTree = "<group>"; };
		F5D3AD722113BB9B00CE3664 /* Info.plist */ = {isa = PBXFileReference; lastKnownFileType = text.plist.xml; path = Info.plist; sourceTree = "<group>"; };
		F5D3AD782113D99A00CE3664 /* TelaInicialViewController.swift */ = {isa = PBXFileReference; lastKnownFileType = sourcecode.swift; path = TelaInicialViewController.swift; sourceTree = "<group>"; };
		F5FCA315211CFB78002AF58B /* TelaVerdeViewController.swift */ = {isa = PBXFileReference; lastKnownFileType = sourcecode.swift; path = TelaVerdeViewController.swift; sourceTree = "<group>"; };
/* End PBXFileReference section */

/* Begin PBXFrameworksBuildPhase section */
		F5D3AD602113BB9A00CE3664 /* Frameworks */ = {
			isa = PBXFrameworksBuildPhase;
			buildActionMask = 2147483647;
			files = (
			);
			runOnlyForDeploymentPostprocessing = 0;
		};
/* End PBXFrameworksBuildPhase section */

/* Begin PBXGroup section */
		F5D3AD5A2113BB9A00CE3664 = {
			isa = PBXGroup;
			children = (
				F5D3AD652113BB9A00CE3664 /* Aula 06 */,
				F5D3AD642113BB9A00CE3664 /* Products */,
			);
			sourceTree = "<group>";
		};
		F5D3AD642113BB9A00CE3664 /* Products */ = {
			isa = PBXGroup;
			children = (
				F5D3AD632113BB9A00CE3664 /* Aula 06.app */,
			);
			name = Products;
			sourceTree = "<group>";
		};
		F5D3AD652113BB9A00CE3664 /* Aula 06 */ = {
			isa = PBXGroup;
			children = (
				F5D3AD662113BB9A00CE3664 /* AppDelegate.swift */,
				F5D3AD682113BB9A00CE3664 /* ViewController.swift */,
				F5D3AD6A2113BB9A00CE3664 /* Main.storyboard */,
				F5B55604211FF17F0087C0F4 /* TelaLaranjaViewController.swift */,
				F5A9E0922120D0B100213649 /* PrimeiraTabViewController.swift */,
				F5A9E0942120D0BB00213649 /* SegundaTabViewController.swift */,
				F5FCA315211CFB78002AF58B /* TelaVerdeViewController.swift */,
				F5D3AD782113D99A00CE3664 /* TelaInicialViewController.swift */,
				F5D3AD6D2113BB9B00CE3664 /* Assets.xcassets */,
				F5D3AD6F2113BB9B00CE3664 /* LaunchScreen.storyboard */,
				F5D3AD722113BB9B00CE3664 /* Info.plist */,
			);
			path = "Aula 06";
			sourceTree = "<group>";
		};
/* End PBXGroup section */

/* Begin PBXNativeTarget section */
		F5D3AD622113BB9A00CE3664 /* Aula 06 */ = {
			isa = PBXNativeTarget;
			buildConfigurationList = F5D3AD752113BB9B00CE3664 /* Build configuration list for PBXNativeTarget "Aula 06" */;
			buildPhases = (
				F5D3AD5F2113BB9A00CE3664 /* Sources */,
				F5D3AD602113BB9A00CE3664 /* Frameworks */,
				F5D3AD612113BB9A00CE3664 /* Resources */,
			);
			buildRules = (
			);
			dependencies = (
			);
			name = "Aula 06";
			productName = "Aula 06";
			productReference = F5D3AD632113BB9A00CE3664 /* Aula 06.app */;
			productType = "com.apple.product-type.application";
		};
/* End PBXNativeTarget section */

/* Begin PBXProject section */
		F5D3AD5B2113BB9A00CE3664 /* Project object */ = {
			isa = PBXProject;
			attributes = {
				LastSwiftUpdateCheck = 0940;
				LastUpgradeCheck = 0940;
				ORGANIZATIONNAME = com.iesb;
				TargetAttributes = {
					F5D3AD622113BB9A00CE3664 = {
						CreatedOnToolsVersion = 9.4.1;
					};
				};
			};
			buildConfigurationList = F5D3AD5E2113BB9A00CE3664 /* Build configuration list for PBXProject "Aula 06" */;
			compatibilityVersion = "Xcode 9.3";
			developmentRegion = en;
			hasScannedForEncodings = 0;
			knownRegions = (
				en,
				Base,
			);
			mainGroup = F5D3AD5A2113BB9A00CE3664;
			productRefGroup = F5D3AD642113BB9A00CE3664 /* Products */;
			projectDirPath = "";
			projectRoot = "";
			targets = (
				F5D3AD622113BB9A00CE3664 /* Aula 06 */,
			);
		};
/* End PBXProject section */

/* Begin PBXResourcesBuildPhase section */
		F5D3AD612113BB9A00CE3664 /* Resources */ = {
			isa = PBXResourcesBuildPhase;
			buildActionMask = 2147483647;
			files = (
				F5D3AD712113BB9B00CE3664 /* LaunchScreen.storyboard in Resources */,
				F5D3AD6E2113BB9B00CE3664 /* Assets.xcassets in Resources */,
				F5D3AD6C2113BB9A00CE3664 /* Main.storyboard in Resources */,
			);
			runOnlyForDeploymentPostprocessing = 0;
		};
/* End PBXResourcesBuildPhase section */

/* Begin PBXSourcesBuildPhase section */
		F5D3AD5F2113BB9A00CE3664 /* Sources */ = {
			isa = PBXSourcesBuildPhase;
			buildActionMask = 2147483647;
			files = (
				F5D3AD692113BB9A00CE3664 /* ViewController.swift in Sources */,
				F5D3AD792113D99A00CE3664 /* TelaInicialViewController.swift in Sources */,
				F5D3AD672113BB9A00CE3664 /* AppDelegate.swift in Sources */,
				F5A9E0932120D0B100213649 /* PrimeiraTabViewController.swift in Sources */,
				F5B55605211FF17F0087C0F4 /* TelaLaranjaViewController.swift in Sources */,
				F5A9E0952120D0BB00213649 /* SegundaTabViewController.swift in Sources */,
				F5FCA316211CFB78002AF58B /* TelaVerdeViewController.swift in Sources */,
			);
			runOnlyForDeploymentPostprocessing = 0;
		};
/* End PBXSourcesBuildPhase section */

/* Begin PBXVariantGroup section */
		F5D3AD6A2113BB9A00CE3664 /* Main.storyboard */ = {
			isa = PBXVariantGroup;
			children = (
				F5D3AD6B2113BB9A00CE3664 /* Base */,
			);
			name = Main.storyboard;
			sourceTree = "<group>";
		};
		F5D3AD6F2113BB9B00CE3664 /* LaunchScreen.storyboard */ = {
			isa = PBXVariantGroup;
			children = (
				F5D3AD702113BB9B00CE3664 /* Base */,
			);
			name = LaunchScreen.storyboard;
			sourceTree = "<group>";
		};
/* End PBXVariantGroup section */

/* Begin XCBuildConfiguration section */
		F5D3AD732113BB9B00CE3664 /* Debug */ = {
			isa = XCBuildConfiguration;
			buildSettings = {
				ALWAYS_SEARCH_USER_PATHS = NO;
				CLANG_ANALYZER_NONNULL = YES;
				CLANG_ANALYZER_NUMBER_OBJECT_CONVERSION = YES_AGGRESSIVE;
				CLANG_CXX_LANGUAGE_STANDARD = "gnu++14";
				CLANG_CXX_LIBRARY = "libc++";
				CLANG_ENABLE_MODULES = YES;
				CLANG_ENABLE_OBJC_ARC = YES;
				CLANG_ENABLE_OBJC_WEAK = YES;
				CLANG_WARN_BLOCK_CAPTURE_AUTORELEASING = YES;
				CLANG_WARN_BOOL_CONVERSION = YES;
				CLANG_WARN_COMMA = YES;
				CLANG_WARN_CONSTANT_CONVERSION = YES;
				CLANG_WARN_DEPRECATED_OBJC_IMPLEMENTATIONS = YES;
				CLANG_WARN_DIRECT_OBJC_ISA_USAGE = YES_ERROR;
				CLANG_WARN_DOCUMENTATION_COMMENTS = YES;
				CLANG_WARN_EMPTY_BODY = YES;
				CLANG_WARN_ENUM_CONVERSION = YES;
				CLANG_WARN_INFINITE_RECURSION = YES;
				CLANG_WARN_INT_CONVERSION = YES;
				CLANG_WARN_NON_LITERAL_NULL_CONVERSION = YES;
				CLANG_WARN_OBJC_IMPLICIT_RETAIN_SELF = YES;
				CLANG_WARN_OBJC_LITERAL_CONVERSION = YES;
				CLANG_WARN_OBJC_ROOT_CLASS = YES_ERROR;
				CLANG_WARN_RANGE_LOOP_ANALYSIS = YES;
				CLANG_WARN_STRICT_PROTOTYPES = YES;
				CLANG_WARN_SUSPICIOUS_MOVE = YES;
				CLANG_WARN_UNGUARDED_AVAILABILITY = YES_AGGRESSIVE;
				CLANG_WARN_UNREACHABLE_CODE = YES;
				CLANG_WARN__DUPLICATE_METHOD_MATCH = YES;
				CODE_SIGN_IDENTITY = "iPhone Developer";
				COPY_PHASE_STRIP = NO;
				DEBUG_INFORMATION_FORMAT = dwarf;
				ENABLE_STRICT_OBJC_MSGSEND = YES;
				ENABLE_TESTABILITY = YES;
				GCC_C_LANGUAGE_STANDARD = gnu11;
				GCC_DYNAMIC_NO_PIC = NO;
				GCC_NO_COMMON_BLOCKS = YES;
				GCC_OPTIMIZATION_LEVEL = 0;
				GCC_PREPROCESSOR_DEFINITIONS = (
					"DEBUG=1",
					"$(inherited)",
				);
				GCC_WARN_64_TO_32_BIT_CONVERSION = YES;
				GCC_WARN_ABOUT_RETURN_TYPE = YES_ERROR;
				GCC_WARN_UNDECLARED_SELECTOR = YES;
				GCC_WARN_UNINITIALIZED_AUTOS = YES_AGGRESSIVE;
				GCC_WARN_UNUSED_FUNCTION = YES;
				GCC_WARN_UNUSED_VARIABLE = YES;
				IPHONEOS_DEPLOYMENT_TARGET = 11.4;
				MTL_ENABLE_DEBUG_INFO = YES;
				ONLY_ACTIVE_ARCH = YES;
				SDKROOT = iphoneos;
				SWIFT_ACTIVE_COMPILATION_CONDITIONS = DEBUG;
				SWIFT_OPTIMIZATION_LEVEL = "-Onone";
			};
			name = Debug;
		};
		F5D3AD742113BB9B00CE3664 /* Release */ = {
			isa = XCBuildConfiguration;
			buildSettings = {
				ALWAYS_SEARCH_USER_PATHS = NO;
				CLANG_ANALYZER_NONNULL = YES;
				CLANG_ANALYZER_NUMBER_OBJECT_CONVERSION = YES_AGGRESSIVE;
				CLANG_CXX_LANGUAGE_STANDARD = "gnu++14";
				CLANG_CXX_LIBRARY = "libc++";
				CLANG_ENABLE_MODULES = YES;
				CLANG_ENABLE_OBJC_ARC = YES;
				CLANG_ENABLE_OBJC_WEAK = YES;
				CLANG_WARN_BLOCK_CAPTURE_AUTORELEASING = YES;
				CLANG_WARN_BOOL_CONVERSION = YES;
				CLANG_WARN_COMMA = YES;
				CLANG_WARN_CONSTANT_CONVERSION = YES;
				CLANG_WARN_DEPRECATED_OBJC_IMPLEMENTATIONS = YES;
				CLANG_WARN_DIRECT_OBJC_ISA_USAGE = YES_ERROR;
				CLANG_WARN_DOCUMENTATION_COMMENTS = YES;
				CLANG_WARN_EMPTY_BODY = YES;
				CLANG_WARN_ENUM_CONVERSION = YES;
				CLANG_WARN_INFINITE_RECURSION = YES;
				CLANG_WARN_INT_CONVERSION = YES;
				CLANG_WARN_NON_LITERAL_NULL_CONVERSION = YES;
				CLANG_WARN_OBJC_IMPLICIT_RETAIN_SELF = YES;
				CLANG_WARN_OBJC_LITERAL_CONVERSION = YES;
				CLANG_WARN_OBJC_ROOT_CLASS = YES_ERROR;
				CLANG_WARN_RANGE_LOOP_ANALYSIS = YES;
				CLANG_WARN_STRICT_PROTOTYPES = YES;
				CLANG_WARN_SUSPICIOUS_MOVE = YES;
				CLANG_WARN_UNGUARDED_AVAILABILITY = YES_AGGRESSIVE;
				CLANG_WARN_UNREACHABLE_CODE = YES;
				CLANG_WARN__DUPLICATE_METHOD_MATCH = YES;
				CODE_SIGN_IDENTITY = "iPhone Developer";
				COPY_PHASE_STRIP = NO;
				DEBUG_INFORMATION_FORMAT = "dwarf-with-dsym";
				ENABLE_NS_ASSERTIONS = NO;
				ENABLE_STRICT_OBJC_MSGSEND = YES;
				GCC_C_LANGUAGE_STANDARD = gnu11;
				GCC_NO_COMMON_BLOCKS = YES;
				GCC_WARN_64_TO_32_BIT_CONVERSION = YES;
				GCC_WARN_ABOUT_RETURN_TYPE = YES_ERROR;
				GCC_WARN_UNDECLARED_SELECTOR = YES;
				GCC_WARN_UNINITIALIZED_AUTOS = YES_AGGRESSIVE;
				GCC_WARN_UNUSED_FUNCTION = YES;
				GCC_WARN_UNUSED_VARIABLE = YES;
				IPHONEOS_DEPLOYMENT_TARGET = 11.4;
				MTL_ENABLE_DEBUG_INFO = NO;
				SDKROOT = iphoneos;
				SWIFT_COMPILATION_MODE = wholemodule;
				SWIFT_OPTIMIZATION_LEVEL = "-O";
				VALIDATE_PRODUCT = YES;
			};
			name = Release;
		};
		F5D3AD762113BB9B00CE3664 /* Debug */ = {
			isa = XCBuildConfiguration;
			buildSettings = {
				ASSETCATALOG_COMPILER_APPICON_NAME = AppIcon;
				CODE_SIGN_STYLE = Automatic;
				DEVELOPMENT_TEAM = K3SMJ6ES47;
				INFOPLIST_FILE = "Aula 06/Info.plist";
				LD_RUNPATH_SEARCH_PATHS = (
					"$(inherited)",
					"@executable_path/Frameworks",
				);
				PRODUCT_BUNDLE_IDENTIFIER = "com.iesb.Aula-06";
				PRODUCT_NAME = "$(TARGET_NAME)";
				SWIFT_VERSION = 4.0;
				TARGETED_DEVICE_FAMILY = "1,2";
			};
			name = Debug;
		};
		F5D3AD772113BB9B00CE3664 /* Release */ = {
			isa = XCBuildConfiguration;
			buildSettings = {
				ASSETCATALOG_COMPILER_APPICON_NAME = AppIcon;
				CODE_SIGN_STYLE = Automatic;
				DEVELOPMENT_TEAM = K3SMJ6ES47;
				INFOPLIST_FILE = "Aula 06/Info.plist";
				LD_RUNPATH_SEARCH_PATHS = (
					"$(inherited)",
					"@executable_path/Frameworks",
				);
				PRODUCT_BUNDLE_IDENTIFIER = "com.iesb.Aula-06";
				PRODUCT_NAME = "$(TARGET_NAME)";
				SWIFT_VERSION = 4.0;
				TARGETED_DEVICE_FAMILY = "1,2";
			};
			name = Release;
		};
/* End XCBuildConfiguration section */

/* Begin XCConfigurationList section */
		F5D3AD5E2113BB9A00CE3664 /* Build configuration list for PBXProject "Aula 06" */ = {
			isa = XCConfigurationList;
			buildConfigurations = (
				F5D3AD732113BB9B00CE3664 /* Debug */,
				F5D3AD742113BB9B00CE3664 /* Release */,
			);
			defaultConfigurationIsVisible = 0;
			defaultConfigurationName = Release;
		};
		F5D3AD752113BB9B00CE3664 /* Build configuration list for PBXNativeTarget "Aula 06" */ = {
			isa = XCConfigurationList;
			buildConfigurations = (
				F5D3AD762113BB9B00CE3664 /* Debug */,
				F5D3AD772113BB9B00CE3664 /* Release */,
			);
			defaultConfigurationIsVisible = 0;
			defaultConfigurationName = Release;
		};
/* End XCConfigurationList section */
	};
	rootObject = F5D3AD5B2113BB9A00CE3664 /* Project object */;
}
